DEPENDENCIES
  foodily_java_7
    path: ../foodily_java_7
  foodily_neo4j
    path: .
    metadata: true
  neo4j-server
    git: git://github.com/foodily/neo4j-server-chef-cookbook.git
    revision: db1ac13d67690ebe04152f38e9a49aea0c74e14b

GRAPH
  foodily_java_7 (0.2.6)
    java (>= 0.0.0)
  foodily_neo4j (0.1.0)
    foodily_java_7 (>= 0.0.0)
    neo4j-server (>= 0.0.0)
  java (1.22.0)
  neo4j-server (1.0.1)
    java (>= 0.0.0)
